{
  "nodes": {
    "crate2nix": {
      "flake": false,
      "locked": {
        "lastModified": 1770646848,
        "narHash": "sha256-0aZjR0id5glnZaKpu/nCwoLON4r5m6q6IDU06YvwT44=",
        "owner": "nix-community",
        "repo": "crate2nix",
        "rev": "26b698e804dd32dc5bb1995028fef00cc87d603a",
        "type": "github"
      },
      "original": {
        "owner": "nix-community",
        "repo": "crate2nix",
        "type": "github"
      }
    },
    "crate2nix_2": {
      "flake": false,
      "locked": {
        "lastModified": 1739473963,
        "narHash": "sha256-ItAhpjNUzEWd/cgZVyW/jvoGbCec4TK29e1Mnmn1oJE=",
        "owner": "nix-community",
        "repo": "crate2nix",
        "rev": "be31feae9a82c225c0fd1bdf978565dc452a483a",
        "type": "github"
      },
      "original": {
        "owner": "nix-community",
        "repo": "crate2nix",
        "type": "github"
      }
    },
    "fenix": {
      "inputs": {
        "nixpkgs": [
          "nixpkgs"
        ],
        "rust-analyzer-src": "rust-analyzer-src"
      },
      "locked": {
        "lastModified": 1772261909,
        "narHash": "sha256-8XbJXrhMFhLgoBrjFIJx5XJi+SD+7/gbvaIXCuqy9Z0=",
        "owner": "nix-community",
        "repo": "fenix",
        "rev": "e4c413b9546d6c9e6426b33b4d6de1a49a375024",
        "type": "github"
      },
      "original": {
        "owner": "nix-community",
        "repo": "fenix",
        "type": "github"
      }
    },
    "fenix_2": {
      "inputs": {
        "nixpkgs": [
          "substrate",
          "nixpkgs"
        ],
        "rust-analyzer-src": "rust-analyzer-src_2"
      },
      "locked": {
        "lastModified": 1763534658,
        "narHash": "sha256-i/51/Zi/1pM9hZxxSuA3nVPpyqlGoWwJwajyA/loOpo=",
        "owner": "nix-community",
        "repo": "fenix",
        "rev": "69e40ddf45698d0115a62a7a15d8412f35dd4c09",
        "type": "github"
      },
      "original": {
        "owner": "nix-community",
        "repo": "fenix",
        "type": "github"
      }
    },
    "flake-utils": {
      "inputs": {
        "systems": "systems"
      },
      "locked": {
        "lastModified": 1731533236,
        "narHash": "sha256-l0KFg5HjrsfsO/JpG+r7fRrqm12kzFHyUHqHCVpMMbI=",
        "owner": "numtide",
        "repo": "flake-utils",
        "rev": "11707dc2f618dd54ca8739b309ec4fc024de578b",
        "type": "github"
      },
      "original": {
        "owner": "numtide",
        "repo": "flake-utils",
        "type": "github"
      }
    },
    "nixpkgs": {
      "locked": {
        "lastModified": 1772047000,
        "narHash": "sha256-7DaQVv4R97cii/Qdfy4tmDZMB2xxtyIvNGSwXBBhSmo=",
        "owner": "NixOS",
        "repo": "nixpkgs",
        "rev": "1267bb4920d0fc06ea916734c11b0bf004bbe17e",
        "type": "github"
      },
      "original": {
        "owner": "NixOS",
        "ref": "nixos-25.11",
        "repo": "nixpkgs",
        "type": "github"
      }
    },
    "root": {
      "inputs": {
        "crate2nix": "crate2nix",
        "fenix": "fenix",
        "nixpkgs": "nixpkgs",
        "substrate": "substrate"
      }
    },
    "rust-analyzer-src": {
      "flake": false,
      "locked": {
        "lastModified": 1772178959,
        "narHash": "sha256-DkjUvrEnnhHjOcjMx6aXfYGIZ0PWmcYzvVayhRj1r4M=",
        "owner": "rust-lang",
        "repo": "rust-analyzer",
        "rev": "8494a8b3b769c17e8594d811012cc1b0fab090c7",
        "type": "github"
      },
      "original": {
        "owner": "rust-lang",
        "ref": "nightly",
        "repo": "rust-analyzer",
        "type": "github"
      }
    },
    "rust-analyzer-src_2": {
      "flake": false,
      "locked": {
        "lastModified": 1762860488,
        "narHash": "sha256-rMfWMCOo/pPefM2We0iMBLi2kLBAnYoB9thi4qS7uk4=",
        "owner": "rust-lang",
        "repo": "rust-analyzer",
        "rev": "2efc80078029894eec0699f62ec8d5c1a56af763",
        "type": "github"
      },
      "original": {
        "owner": "rust-lang",
        "ref": "nightly",
        "repo": "rust-analyzer",
        "type": "github"
      }
    },
    "substrate": {
      "inputs": {
        "crate2nix": "crate2nix_2",
        "fenix": "fenix_2",
        "flake-utils": "flake-utils",
        "nixpkgs": [
          "nixpkgs"
        ]
      },
      "locked": {
        "lastModified": 1772308072,
        "narHash": "sha256-321vz4OKBAJDxmJchd4TUQaOets6HC1yFONWwpyJSYQ=",
        "owner": "pleme-io",
        "repo": "substrate",
        "rev": "8f9084a402b255c0fdb74a42ee8d078c73bcfad2",
        "type": "github"
      },
      "original": {
        "owner": "pleme-io",
        "repo": "substrate",
        "type": "github"
      }
    },
    "systems": {
      "locked": {
        "lastModified": 1681028828,
        "narHash": "sha256-Vy1rq5AaRuLzOxct8nz4T6wlgyUR7zLU309k9mBC768=",
        "owner": "nix-systems",
        "repo": "default",
        "rev": "da67096a3b9bf56a91d16901293e51ba5b49a27e",
        "type": "github"
      },
      "original": {
        "owner": "nix-systems",
        "repo": "default",
        "type": "github"
      }
    }
  },
  "root": "root",
  "version": 7
}
